
Microsoft Visual Studio Solution File, Format Version 12.00
# Visual Studio Version 16
VisualStudioVersion = 16.0.29503.13
MinimumVisualStudioVersion = 10.0.40219.1
Project("{9A19103F-16F7-4668-BE54-9A1E7A4F7556}") = "ServiceLocator", "src\ServiceLocator\ServiceLocator.csproj", "{2AEDC08F-0627-4D9C-BC67-88D8D34259EB}"
EndProject
Project("{9A19103F-16F7-4668-BE54-9A1E7A4F7556}") = "ServiceLocator.Tests", "test\ServiceLocator.Tests\ServiceLocator.Tests.csproj", "{5206F187-EEC4-4248-BC3F-E106C500EB10}"
EndProject
Global
	GlobalSection(SolutionConfigurationPlatforms) = preSolution
		Debug|Any CPU = Debug|Any CPU
		Release|Any CPU = Release|Any CPU
	EndGlobalSection
	GlobalSection(ProjectConfigurationPlatforms) = postSolution
		{2AEDC08F-0627-4D9C-BC67-88D8D34259EB}.Debug|Any CPU.ActiveCfg = Debug|Any CPU
		{2AEDC08F-0627-4D9C-BC67-88D8D34259EB}.Debug|Any CPU.Build.0 = Debug|Any CPU
		{2AEDC08F-0627-4D9C-BC67-88D8D34259EB}.Release|Any CPU.ActiveCfg = Release|Any CPU
		{2AEDC08F-0627-4D9C-BC67-88D8D34259EB}.Release|Any CPU.Build.0 = Release|Any CPU
		{5206F187-EEC4-4248-BC3F-E106C500EB10}.Debug|Any CPU.ActiveCfg = Debug|Any CPU
		{5206F187-EEC4-4248-BC3F-E106C500EB10}.Debug|Any CPU.Build.0 = Debug|Any CPU
		{5206F187-EEC4-4248-BC3F-E106C500EB10}.Release|Any CPU.ActiveCfg = Release|Any CPU
		{5206F187-EEC4-4248-BC3F-E106C500EB10}.Release|Any CPU.Build.0 = Release|Any CPU
	EndGlobalSection
	GlobalSection(SolutionProperties) = preSolution
		HideSolutionNode = FALSE
	EndGlobalSection
	GlobalSection(ExtensibilityGlobals) = postSolution
		SolutionGuid = {61FBA57E-CBB5-4F2B-87DE-7F6E1BE1B1A7}
	EndGlobalSection
EndGlobal
